// !$*UTF8*$!
{
	archiveVersion = 1;
	classes = {};
	objectVersion = 56;
	objects = {

/* Begin PBXBuildFile section */
 BBBBBBBB1111111111111111 /* HarnessLogoView.swift in Sources */ = {isa = PBXBuildFile; fileRef = BBBBBBBB2222222222222222; };
 AAAAAAAA1111111111111111 /* HarnessNewsView.swift in Sources */ = {isa = PBXBuildFile; fileRef = AAAAAAAA2222222222222222; };
		ABF5C38B1ADB49E685B1033B /* StoreView.swift in Sources */ = {isa = PBXBuildFile; fileRef = 7DDCE8716C6F4CCFB396AC83 /* StoreView.swift */; };
		1E69E7E3C35444048400788B /* AppState.swift in Sources */ = {isa = PBXBuildFile; fileRef = AFBCBEFE68ED4953AC15283E /* AppState.swift */; };
		D80BEC8FF80042FFB71D5A2D /* HarnessManagerApp.swift in Sources */ = {isa = PBXBuildFile; fileRef = DF9A9B01459A4C6D884CFE29 /* HarnessManagerApp.swift */; };
		2FD6849D80264E518A540638 /* DiagnosticsEngine.swift in Sources */ = {isa = PBXBuildFile; fileRef = 4F1FFAA8D11F498E99B62B36 /* DiagnosticsEngine.swift */; };
		84C891976D084BFC81CEA77C /* AppSettings.swift in Sources */ = {isa = PBXBuildFile; fileRef = 1406BC79C53F4E738AA246EB /* AppSettings.swift */; };
		3F49C407B91843E2B4ACB06E /* CommandResult.swift in Sources */ = {isa = PBXBuildFile; fileRef = D7DEB9FF0A4A41B69A9C07AE /* CommandResult.swift */; };
		9E3203C0F8B941A8A2179F78 /* Diagnostic.swift in Sources */ = {isa = PBXBuildFile; fileRef = B34128262DAA4BD18563B2E2 /* Diagnostic.swift */; };
		080911D3F483447889FD6A3F /* HarnessDefinition.swift in Sources */ = {isa = PBXBuildFile; fileRef = B8CDA062ABB144ABAC7A6EDF /* HarnessDefinition.swift */; };
		16AEFA4D79F34DA58A0B5179 /* HarnessSnapshot.swift in Sources */ = {isa = PBXBuildFile; fileRef = AF6219AFBF3745BF9F013D6A /* HarnessSnapshot.swift */; };
		258B2DFEF9C0483899CB9E80 /* HarnessStatus.swift in Sources */ = {isa = PBXBuildFile; fileRef = 5DFCDA5831854D4B874D55EA /* HarnessStatus.swift */; };
		A746A6C6F368431BB6A23BD9 /* InstallationMethod.swift in Sources */ = {isa = PBXBuildFile; fileRef = FEA674647E024C88B2B3957B /* InstallationMethod.swift */; };
		E1147AAA04594559A8D287E6 /* MCPServer.swift in Sources */ = {isa = PBXBuildFile; fileRef = B6938C270BCF486DB0154613 /* MCPServer.swift */; };
		85BE363D068641B0A0DB2A70 /* ProcessAndProject.swift in Sources */ = {isa = PBXBuildFile; fileRef = FB4556FF4B634CF296092C4C /* ProcessAndProject.swift */; };
		3EABB05835B74658924D5EF0 /* Provider.swift in Sources */ = {isa = PBXBuildFile; fileRef = 8ABAC7537DD44F5DA6040FAD /* Provider.swift */; };
		24DA3527D16B4AC1AD10EC52 /* SkillItem.swift in Sources */ = {isa = PBXBuildFile; fileRef = 93E087FD5F4445E6B196F1BC /* SkillItem.swift */; };
		DF8E9C03E3C546199327A2C0 /* CompleteHarnesses.swift in Sources */ = {isa = PBXBuildFile; fileRef = C1FCA3C8B32546D4B3742115 /* CompleteHarnesses.swift */; };
		A5D79E20116B494EB1BA3227 /* PlaceholderHarnesses.swift in Sources */ = {isa = PBXBuildFile; fileRef = F282E0C0728C4893ACFABDC9 /* PlaceholderHarnesses.swift */; };
		DAC0A30B4A994AB29F415BA0 /* HarnessRegistry.swift in Sources */ = {isa = PBXBuildFile; fileRef = 1A188AF8FDBB4C28B529BFD3 /* HarnessRegistry.swift */; };
		CA8D45F31A3741C88ACCFC39 /* CommandRunner.swift in Sources */ = {isa = PBXBuildFile; fileRef = AF9DB7711D254C85B096A4FB /* CommandRunner.swift */; };
		9AF7FE8677704DC09EC85AA9 /* DiscoveryCache.swift in Sources */ = {isa = PBXBuildFile; fileRef = 6E5CB9BAD3F84ED083BCC534 /* DiscoveryCache.swift */; };
		E89A0F01A281410E894818FD /* HarnessDiscoveryService.swift in Sources */ = {isa = PBXBuildFile; fileRef = EA1F5783ABBE48E789CD285B /* HarnessDiscoveryService.swift */; };
		DF10DC0108734C12BADBE2C9 /* MCPDiscoveryService.swift in Sources */ = {isa = PBXBuildFile; fileRef = 47167C2A717D4FF8B4034139 /* MCPDiscoveryService.swift */; };
		25353583EF99416487130FDE /* PackageManagerService.swift in Sources */ = {isa = PBXBuildFile; fileRef = EDB23291ABFB43F9AFC2B1AF /* PackageManagerService.swift */; };
		8DE237E2CA99416D810BB811 /* PathEnvironmentService.swift in Sources */ = {isa = PBXBuildFile; fileRef = BB35B6FF6A0C48C7964C521C /* PathEnvironmentService.swift */; };
		924AD5E8BAF24FCEAEF4FE20 /* ProcessMonitorService.swift in Sources */ = {isa = PBXBuildFile; fileRef = 90A2C37906C94B628C077538 /* ProcessMonitorService.swift */; };
		6D8B8D1145844EECA6D0D1FB /* ProjectScannerService.swift in Sources */ = {isa = PBXBuildFile; fileRef = E983A7119CC04D29BA04E370 /* ProjectScannerService.swift */; };
		0CC50C8A82934E89A8EC5CEF /* ProviderDetectionService.swift in Sources */ = {isa = PBXBuildFile; fileRef = 1F71DD8104F549889247036D /* ProviderDetectionService.swift */; };
		27305F8EAD484058BF682D7C /* SettingsStore.swift in Sources */ = {isa = PBXBuildFile; fileRef = A846B9CD186D41A9A4DDE74C /* SettingsStore.swift */; };
		3415539DFF924DAFB819B1D6 /* SkillsDiscoveryService.swift in Sources */ = {isa = PBXBuildFile; fileRef = BE783BD142E64766AFFA0263 /* SkillsDiscoveryService.swift */; };
		915E0660539E4F79902509EB /* TerminalLauncher.swift in Sources */ = {isa = PBXBuildFile; fileRef = 1226FEA0D7A8437A90B6213B /* TerminalLauncher.swift */; };
		E161B831A14542F7A723B67F /* UpdateCheckService.swift in Sources */ = {isa = PBXBuildFile; fileRef = 171AB4C67C9D4572B2051B0E /* UpdateCheckService.swift */; };
		45F8D3048A804BE0B7964D99 /* HarnessDetailView.swift in Sources */ = {isa = PBXBuildFile; fileRef = DCFB76B9D7EC4A1790C6E3ED /* HarnessDetailView.swift */; };
		9691A23F03F14E3C88FB5182 /* HarnessesListView.swift in Sources */ = {isa = PBXBuildFile; fileRef = 09D5B5A901BC4490BD10E991 /* HarnessesListView.swift */; };
		E0CD5A9E491B4A9A81C5FB17 /* OnboardingView.swift in Sources */ = {isa = PBXBuildFile; fileRef = 932D975148174C7292BBCE42 /* OnboardingView.swift */; };
		D372CB77F5844010B74054C5 /* ProcessesView.swift in Sources */ = {isa = PBXBuildFile; fileRef = 2031C02C9AD74B5FBF105BFB /* ProcessesView.swift */; };
		A7193A24A06D4B9B85D5ABE3 /* ProvidersView.swift in Sources */ = {isa = PBXBuildFile; fileRef = 58AA4DC8DE3443A191AC9323 /* ProvidersView.swift */; };
		10A9D33C179E48EE89CEAE50 /* SettingsView.swift in Sources */ = {isa = PBXBuildFile; fileRef = CB3C7765D6E24A2FABA4F45F /* SettingsView.swift */; };
		65383E50CD3F4E88ABC86FF2 /* RootView.swift in Sources */ = {isa = PBXBuildFile; fileRef = A44A9BB26FFA48BC81E94FEB /* RootView.swift */; };
		B76A8562E0A7412598E99344 /* Sheets.swift in Sources */ = {isa = PBXBuildFile; fileRef = F89CA6C37580418D94A4BC6C /* Sheets.swift */; };
		F112A828370D4DC1B0AF5382 /* SidebarView.swift in Sources */ = {isa = PBXBuildFile; fileRef = E1A9D8B501F44D47AFEE1D3C /* SidebarView.swift */; };
		45923EF0004544E88011F1E3 /* Assets.xcassets in Resources */ = {isa = PBXBuildFile; fileRef = 448E9CDE36874DA6B82674B7 /* Assets.xcassets */; };
/* End PBXBuildFile section */

/* Begin PBXFileReference section */
 BBBBBBBB2222222222222222 /* HarnessLogoView.swift */ = {isa = PBXFileReference; lastKnownFileType = sourcecode.swift; path = HarnessLogoView.swift; sourceTree = "<group>"; };
 AAAAAAAA2222222222222222 /* HarnessNewsView.swift */ = {isa = PBXFileReference; lastKnownFileType = sourcecode.swift; path = HarnessNewsView.swift; sourceTree = "<group>"; };
		7DDCE8716C6F4CCFB396AC83 /* StoreView.swift */ = {isa = PBXFileReference; lastKnownFileType = sourcecode.swift; path = StoreView.swift; sourceTree = "<group>"; };
		0D9F02B5D0B04FB79EE70AB7 /* Harness Manager.app */ = {isa = PBXFileReference; explicitFileType = wrapper.application; includeInIndex = 0; path = "Harness Manager.app"; sourceTree = BUILT_PRODUCTS_DIR; };
		AFBCBEFE68ED4953AC15283E /* AppState.swift */ = {isa = PBXFileReference; lastKnownFileType = sourcecode.swift; path = AppState.swift; sourceTree = "<group>"; };
		DF9A9B01459A4C6D884CFE29 /* HarnessManagerApp.swift */ = {isa = PBXFileReference; lastKnownFileType = sourcecode.swift; path = HarnessManagerApp.swift; sourceTree = "<group>"; };
		4F1FFAA8D11F498E99B62B36 /* DiagnosticsEngine.swift */ = {isa = PBXFileReference; lastKnownFileType = sourcecode.swift; path = DiagnosticsEngine.swift; sourceTree = "<group>"; };
		1406BC79C53F4E738AA246EB /* AppSettings.swift */ = {isa = PBXFileReference; lastKnownFileType = sourcecode.swift; path = AppSettings.swift; sourceTree = "<group>"; };
		D7DEB9FF0A4A41B69A9C07AE /* CommandResult.swift */ = {isa = PBXFileReference; lastKnownFileType = sourcecode.swift; path = CommandResult.swift; sourceTree = "<group>"; };
		B34128262DAA4BD18563B2E2 /* Diagnostic.swift */ = {isa = PBXFileReference; lastKnownFileType = sourcecode.swift; path = Diagnostic.swift; sourceTree = "<group>"; };
		B8CDA062ABB144ABAC7A6EDF /* HarnessDefinition.swift */ = {isa = PBXFileReference; lastKnownFileType = sourcecode.swift; path = HarnessDefinition.swift; sourceTree = "<group>"; };
		AF6219AFBF3745BF9F013D6A /* HarnessSnapshot.swift */ = {isa = PBXFileReference; lastKnownFileType = sourcecode.swift; path = HarnessSnapshot.swift; sourceTree = "<group>"; };
		5DFCDA5831854D4B874D55EA /* HarnessStatus.swift */ = {isa = PBXFileReference; lastKnownFileType = sourcecode.swift; path = HarnessStatus.swift; sourceTree = "<group>"; };
		FEA674647E024C88B2B3957B /* InstallationMethod.swift */ = {isa = PBXFileReference; lastKnownFileType = sourcecode.swift; path = InstallationMethod.swift; sourceTree = "<group>"; };
		B6938C270BCF486DB0154613 /* MCPServer.swift */ = {isa = PBXFileReference; lastKnownFileType = sourcecode.swift; path = MCPServer.swift; sourceTree = "<group>"; };
		FB4556FF4B634CF296092C4C /* ProcessAndProject.swift */ = {isa = PBXFileReference; lastKnownFileType = sourcecode.swift; path = ProcessAndProject.swift; sourceTree = "<group>"; };
		8ABAC7537DD44F5DA6040FAD /* Provider.swift */ = {isa = PBXFileReference; lastKnownFileType = sourcecode.swift; path = Provider.swift; sourceTree = "<group>"; };
		93E087FD5F4445E6B196F1BC /* SkillItem.swift */ = {isa = PBXFileReference; lastKnownFileType = sourcecode.swift; path = SkillItem.swift; sourceTree = "<group>"; };
		C1FCA3C8B32546D4B3742115 /* CompleteHarnesses.swift */ = {isa = PBXFileReference; lastKnownFileType = sourcecode.swift; path = CompleteHarnesses.swift; sourceTree = "<group>"; };
		F282E0C0728C4893ACFABDC9 /* PlaceholderHarnesses.swift */ = {isa = PBXFileReference; lastKnownFileType = sourcecode.swift; path = PlaceholderHarnesses.swift; sourceTree = "<group>"; };
		1A188AF8FDBB4C28B529BFD3 /* HarnessRegistry.swift */ = {isa = PBXFileReference; lastKnownFileType = sourcecode.swift; path = HarnessRegistry.swift; sourceTree = "<group>"; };
		AF9DB7711D254C85B096A4FB /* CommandRunner.swift */ = {isa = PBXFileReference; lastKnownFileType = sourcecode.swift; path = CommandRunner.swift; sourceTree = "<group>"; };
		6E5CB9BAD3F84ED083BCC534 /* DiscoveryCache.swift */ = {isa = PBXFileReference; lastKnownFileType = sourcecode.swift; path = DiscoveryCache.swift; sourceTree = "<group>"; };
		EA1F5783ABBE48E789CD285B /* HarnessDiscoveryService.swift */ = {isa = PBXFileReference; lastKnownFileType = sourcecode.swift; path = HarnessDiscoveryService.swift; sourceTree = "<group>"; };
		47167C2A717D4FF8B4034139 /* MCPDiscoveryService.swift */ = {isa = PBXFileReference; lastKnownFileType = sourcecode.swift; path = MCPDiscoveryService.swift; sourceTree = "<group>"; };
		EDB23291ABFB43F9AFC2B1AF /* PackageManagerService.swift */ = {isa = PBXFileReference; lastKnownFileType = sourcecode.swift; path = PackageManagerService.swift; sourceTree = "<group>"; };
		BB35B6FF6A0C48C7964C521C /* PathEnvironmentService.swift */ = {isa = PBXFileReference; lastKnownFileType = sourcecode.swift; path = PathEnvironmentService.swift; sourceTree = "<group>"; };
		90A2C37906C94B628C077538 /* ProcessMonitorService.swift */ = {isa = PBXFileReference; lastKnownFileType = sourcecode.swift; path = ProcessMonitorService.swift; sourceTree = "<group>"; };
		E983A7119CC04D29BA04E370 /* ProjectScannerService.swift */ = {isa = PBXFileReference; lastKnownFileType = sourcecode.swift; path = ProjectScannerService.swift; sourceTree = "<group>"; };
		1F71DD8104F549889247036D /* ProviderDetectionService.swift */ = {isa = PBXFileReference; lastKnownFileType = sourcecode.swift; path = ProviderDetectionService.swift; sourceTree = "<group>"; };
		A846B9CD186D41A9A4DDE74C /* SettingsStore.swift */ = {isa = PBXFileReference; lastKnownFileType = sourcecode.swift; path = SettingsStore.swift; sourceTree = "<group>"; };
		BE783BD142E64766AFFA0263 /* SkillsDiscoveryService.swift */ = {isa = PBXFileReference; lastKnownFileType = sourcecode.swift; path = SkillsDiscoveryService.swift; sourceTree = "<group>"; };
		1226FEA0D7A8437A90B6213B /* TerminalLauncher.swift */ = {isa = PBXFileReference; lastKnownFileType = sourcecode.swift; path = TerminalLauncher.swift; sourceTree = "<group>"; };
		171AB4C67C9D4572B2051B0E /* UpdateCheckService.swift */ = {isa = PBXFileReference; lastKnownFileType = sourcecode.swift; path = UpdateCheckService.swift; sourceTree = "<group>"; };
		DCFB76B9D7EC4A1790C6E3ED /* HarnessDetailView.swift */ = {isa = PBXFileReference; lastKnownFileType = sourcecode.swift; path = HarnessDetailView.swift; sourceTree = "<group>"; };
		09D5B5A901BC4490BD10E991 /* HarnessesListView.swift */ = {isa = PBXFileReference; lastKnownFileType = sourcecode.swift; path = HarnessesListView.swift; sourceTree = "<group>"; };
		932D975148174C7292BBCE42 /* OnboardingView.swift */ = {isa = PBXFileReference; lastKnownFileType = sourcecode.swift; path = OnboardingView.swift; sourceTree = "<group>"; };
		2031C02C9AD74B5FBF105BFB /* ProcessesView.swift */ = {isa = PBXFileReference; lastKnownFileType = sourcecode.swift; path = ProcessesView.swift; sourceTree = "<group>"; };
		58AA4DC8DE3443A191AC9323 /* ProvidersView.swift */ = {isa = PBXFileReference; lastKnownFileType = sourcecode.swift; path = ProvidersView.swift; sourceTree = "<group>"; };
		CB3C7765D6E24A2FABA4F45F /* SettingsView.swift */ = {isa = PBXFileReference; lastKnownFileType = sourcecode.swift; path = SettingsView.swift; sourceTree = "<group>"; };
		A44A9BB26FFA48BC81E94FEB /* RootView.swift */ = {isa = PBXFileReference; lastKnownFileType = sourcecode.swift; path = RootView.swift; sourceTree = "<group>"; };
		F89CA6C37580418D94A4BC6C /* Sheets.swift */ = {isa = PBXFileReference; lastKnownFileType = sourcecode.swift; path = Sheets.swift; sourceTree = "<group>"; };
		E1A9D8B501F44D47AFEE1D3C /* SidebarView.swift */ = {isa = PBXFileReference; lastKnownFileType = sourcecode.swift; path = SidebarView.swift; sourceTree = "<group>"; };
		448E9CDE36874DA6B82674B7 /* Assets.xcassets */ = {isa = PBXFileReference; lastKnownFileType = folder.assetcatalog; path = Assets.xcassets; sourceTree = "<group>"; };
		06A11255F9B744AC9C6C5D19 /* Info.plist */ = {isa = PBXFileReference; lastKnownFileType = text.plist.xml; path = Info.plist; sourceTree = "<group>"; };
		55C680E1FF3F4CC0A2D8C459 /* HarnessManager.entitlements */ = {isa = PBXFileReference; lastKnownFileType = text.plist.entitlements; path = HarnessManager.entitlements; sourceTree = "<group>"; };
/* End PBXFileReference section */

/* Begin PBXFrameworksBuildPhase section */
		B1C2CF41024B43CA81F0C528 /* Frameworks */ = {
			isa = PBXFrameworksBuildPhase;
			buildActionMask = 2147483647;
			files = (
			);
			runOnlyForDeploymentPostprocessing = 0;
		};
/* End PBXFrameworksBuildPhase section */

/* Begin PBXGroup section */
		857ECD46F2874D788C97C5F8 = {
			isa = PBXGroup;
			children = (
				76F245D318FC4A99B62A3534 /* HarnessManager */,
				28046F1C864548EF81BD51B3 /* Products */,
			);
			sourceTree = "<group>";
		};
		28046F1C864548EF81BD51B3 /* Products */ = {
			isa = PBXGroup;
			children = (
				0D9F02B5D0B04FB79EE70AB7 /* Harness Manager.app */,
			);
			name = Products;
			sourceTree = "<group>";
		};
		76F245D318FC4A99B62A3534 /* HarnessManager */ = {
			isa = PBXGroup;
			children = (
				49B3FFD6223F4D2189B8C7CC /* App */,
				973BAA12284D454BAE237BD1 /* Diagnostics */,
				DA14DF43DFBD422CB0CBDF0C /* Models */,
				2B6B4A0D6047405E94D5C3B3 /* Registry */,
				A26E25E8DECF4BED88AA4E06 /* Resources */,
				B0134751CB9347AB84906886 /* Services */,
				D55A019E0102495C841DEEF9 /* Views */,
			);
			path = HarnessManager;
			sourceTree = "<group>";
		};
		49B3FFD6223F4D2189B8C7CC /* App */ = {
			isa = PBXGroup;
			children = (
				AFBCBEFE68ED4953AC15283E /* AppState.swift */,
				DF9A9B01459A4C6D884CFE29 /* HarnessManagerApp.swift */,
			);
			path = App;
			sourceTree = "<group>";
		};
		973BAA12284D454BAE237BD1 /* Diagnostics */ = {
			isa = PBXGroup;
			children = (
				4F1FFAA8D11F498E99B62B36 /* DiagnosticsEngine.swift */,
			);
			path = Diagnostics;
			sourceTree = "<group>";
		};
		DA14DF43DFBD422CB0CBDF0C /* Models */ = {
			isa = PBXGroup;
			children = (
				1406BC79C53F4E738AA246EB /* AppSettings.swift */,
				D7DEB9FF0A4A41B69A9C07AE /* CommandResult.swift */,
				B34128262DAA4BD18563B2E2 /* Diagnostic.swift */,
				B8CDA062ABB144ABAC7A6EDF /* HarnessDefinition.swift */,
				AF6219AFBF3745BF9F013D6A /* HarnessSnapshot.swift */,
				5DFCDA5831854D4B874D55EA /* HarnessStatus.swift */,
				FEA674647E024C88B2B3957B /* InstallationMethod.swift */,
				B6938C270BCF486DB0154613 /* MCPServer.swift */,
				FB4556FF4B634CF296092C4C /* ProcessAndProject.swift */,
				8ABAC7537DD44F5DA6040FAD /* Provider.swift */,
				93E087FD5F4445E6B196F1BC /* SkillItem.swift */,
			);
			path = Models;
			sourceTree = "<group>";
		};
		2B6B4A0D6047405E94D5C3B3 /* Registry */ = {
			isa = PBXGroup;
			children = (
				871E24878BE54015B9A9F728 /* Definitions */,
				1A188AF8FDBB4C28B529BFD3 /* HarnessRegistry.swift */,
			);
			path = Registry;
			sourceTree = "<group>";
		};
		871E24878BE54015B9A9F728 /* Definitions */ = {
			isa = PBXGroup;
			children = (
				C1FCA3C8B32546D4B3742115 /* CompleteHarnesses.swift */,
				F282E0C0728C4893ACFABDC9 /* PlaceholderHarnesses.swift */,
			);
			path = Definitions;
			sourceTree = "<group>";
		};
		A26E25E8DECF4BED88AA4E06 /* Resources */ = {
			isa = PBXGroup;
			children = (
				448E9CDE36874DA6B82674B7 /* Assets.xcassets */,
				55C680E1FF3F4CC0A2D8C459 /* HarnessManager.entitlements */,
				06A11255F9B744AC9C6C5D19 /* Info.plist */,
			);
			path = Resources;
			sourceTree = "<group>";
		};
		B0134751CB9347AB84906886 /* Services */ = {
			isa = PBXGroup;
			children = (
				AF9DB7711D254C85B096A4FB /* CommandRunner.swift */,
				6E5CB9BAD3F84ED083BCC534 /* DiscoveryCache.swift */,
				EA1F5783ABBE48E789CD285B /* HarnessDiscoveryService.swift */,
				47167C2A717D4FF8B4034139 /* MCPDiscoveryService.swift */,
				EDB23291ABFB43F9AFC2B1AF /* PackageManagerService.swift */,
				BB35B6FF6A0C48C7964C521C /* PathEnvironmentService.swift */,
				90A2C37906C94B628C077538 /* ProcessMonitorService.swift */,
				E983A7119CC04D29BA04E370 /* ProjectScannerService.swift */,
				1F71DD8104F549889247036D /* ProviderDetectionService.swift */,
				A846B9CD186D41A9A4DDE74C /* SettingsStore.swift */,
				BE783BD142E64766AFFA0263 /* SkillsDiscoveryService.swift */,
				1226FEA0D7A8437A90B6213B /* TerminalLauncher.swift */,
				171AB4C67C9D4572B2051B0E /* UpdateCheckService.swift */,
			);
			path = Services;
			sourceTree = "<group>";
		};
		D55A019E0102495C841DEEF9 /* Views */ = {
			isa = PBXGroup;
			children = (
				669D457D3F2448B489FA3204 /* Harnesses */,
				EAE7FD834E5C47079A595207 /* Onboarding */,
				79508162BF4841D08ED9B4D9 /* Processes */,
				76F9E3C96BE74C95A2E0A06B /* Providers */,
				EB5012FF94EE4B0F8A040BB8 /* Settings */,
				AD65197BC0CF4A3EB8C64AB6 /* Shared */,
				280F2259362C481A94E4286D /* Sidebar */,
				CB75EB5CBAF14D718166C91F /* Store */,
			);
			path = Views;
			sourceTree = "<group>";
		};
		669D457D3F2448B489FA3204 /* Harnesses */ = {
			isa = PBXGroup;
			children = (
				DCFB76B9D7EC4A1790C6E3ED /* HarnessDetailView.swift */,
				09D5B5A901BC4490BD10E991 /* HarnessesListView.swift */,
			);
			path = Harnesses;
			sourceTree = "<group>";
		};
		EAE7FD834E5C47079A595207 /* Onboarding */ = {
			isa = PBXGroup;
			children = (
				932D975148174C7292BBCE42 /* OnboardingView.swift */,
			);
			path = Onboarding;
			sourceTree = "<group>";
		};
		79508162BF4841D08ED9B4D9 /* Processes */ = {
			isa = PBXGroup;
			children = (
				2031C02C9AD74B5FBF105BFB /* ProcessesView.swift */,
			);
			path = Processes;
			sourceTree = "<group>";
		};
		76F9E3C96BE74C95A2E0A06B /* Providers */ = {
			isa = PBXGroup;
			children = (
				58AA4DC8DE3443A191AC9323 /* ProvidersView.swift */,
			);
			path = Providers;
			sourceTree = "<group>";
		};
		EB5012FF94EE4B0F8A040BB8 /* Settings */ = {
			isa = PBXGroup;
			children = (
				CB3C7765D6E24A2FABA4F45F /* SettingsView.swift */,
			);
			path = Settings;
			sourceTree = "<group>";
		};
		AD65197BC0CF4A3EB8C64AB6 /* Shared */ = {
			isa = PBXGroup;
			children = (
				A44A9BB26FFA48BC81E94FEB /* RootView.swift */,
 BBBBBBBB2222222222222222 /* HarnessLogoView.swift */,
 AAAAAAAA2222222222222222 /* HarnessNewsView.swift */,
				F89CA6C37580418D94A4BC6C /* Sheets.swift */,
			);
			path = Shared;
			sourceTree = "<group>";
		};
		280F2259362C481A94E4286D /* Sidebar */ = {
			isa = PBXGroup;
			children = (
				E1A9D8B501F44D47AFEE1D3C /* SidebarView.swift */,
			);
			path = Sidebar;
			sourceTree = "<group>";
		};
		CB75EB5CBAF14D718166C91F /* Store */ = {
			isa = PBXGroup;
			children = (
				7DDCE8716C6F4CCFB396AC83 /* StoreView.swift */,
			);
			path = Store;
			sourceTree = "<group>";
		};
/* End PBXGroup section */

/* Begin PBXNativeTarget section */
		6B65DDCF479748FC896CD5FC /* HarnessManager */ = {
			isa = PBXNativeTarget;
			buildConfigurationList = 128338EA2F764F648786A4FC /* Build configuration list for PBXNativeTarget "HarnessManager" */;
			buildPhases = (
				C82FB8A58C9D42A9B81EFC26 /* Sources */,
				B1C2CF41024B43CA81F0C528 /* Frameworks */,
				08790DFAA91D47128DF47C2F /* Resources */,
			);
			buildRules = (
			);
			dependencies = (
			);
			name = HarnessManager;
			productName = "Harness Manager";
			productReference = 0D9F02B5D0B04FB79EE70AB7 /* Harness Manager.app */;
			productType = "com.apple.product-type.application";
		};
/* End PBXNativeTarget section */

/* Begin PBXProject section */
		FD664814408F43FFB56BA670 /* Project object */ = {
			isa = PBXProject;
			attributes = {
				BuildIndependentTargetsInParallel = 1;
				LastSwiftUpdateCheck = 1600;
				LastUpgradeCheck = 1600;
			};
			buildConfigurationList = F22F6763568F456FA84B7ED4 /* Build configuration list for PBXProject "HarnessManager" */;
			compatibilityVersion = "Xcode 14.0";
			developmentRegion = en;
			hasScannedForEncodings = 0;
			knownRegions = (
				en,
				Base,
			);
			mainGroup = 857ECD46F2874D788C97C5F8;
			productRefGroup = 28046F1C864548EF81BD51B3 /* Products */;
			projectDirPath = "";
			projectRoot = "";
			targets = (
				6B65DDCF479748FC896CD5FC /* HarnessManager */,
			);
		};
/* End PBXProject section */

/* Begin PBXResourcesBuildPhase section */
		08790DFAA91D47128DF47C2F /* Resources */ = {
			isa = PBXResourcesBuildPhase;
			buildActionMask = 2147483647;
			files = (
				45923EF0004544E88011F1E3 /* Assets.xcassets in Resources */,
			);
			runOnlyForDeploymentPostprocessing = 0;
		};
/* End PBXResourcesBuildPhase section */

/* Begin PBXSourcesBuildPhase section */
		C82FB8A58C9D42A9B81EFC26 /* Sources */ = {
			isa = PBXSourcesBuildPhase;
			buildActionMask = 2147483647;
			files = (
				ABF5C38B1ADB49E685B1033B /* StoreView.swift in Sources */,
				1E69E7E3C35444048400788B /* AppState.swift in Sources */,
				D80BEC8FF80042FFB71D5A2D /* HarnessManagerApp.swift in Sources */,
				2FD6849D80264E518A540638 /* DiagnosticsEngine.swift in Sources */,
				84C891976D084BFC81CEA77C /* AppSettings.swift in Sources */,
				3F49C407B91843E2B4ACB06E /* CommandResult.swift in Sources */,
				9E3203C0F8B941A8A2179F78 /* Diagnostic.swift in Sources */,
				080911D3F483447889FD6A3F /* HarnessDefinition.swift in Sources */,
				16AEFA4D79F34DA58A0B5179 /* HarnessSnapshot.swift in Sources */,
				258B2DFEF9C0483899CB9E80 /* HarnessStatus.swift in Sources */,
				A746A6C6F368431BB6A23BD9 /* InstallationMethod.swift in Sources */,
				E1147AAA04594559A8D287E6 /* MCPServer.swift in Sources */,
				85BE363D068641B0A0DB2A70 /* ProcessAndProject.swift in Sources */,
				3EABB05835B74658924D5EF0 /* Provider.swift in Sources */,
				24DA3527D16B4AC1AD10EC52 /* SkillItem.swift in Sources */,
				DF8E9C03E3C546199327A2C0 /* CompleteHarnesses.swift in Sources */,
				A5D79E20116B494EB1BA3227 /* PlaceholderHarnesses.swift in Sources */,
				DAC0A30B4A994AB29F415BA0 /* HarnessRegistry.swift in Sources */,
				CA8D45F31A3741C88ACCFC39 /* CommandRunner.swift in Sources */,
				9AF7FE8677704DC09EC85AA9 /* DiscoveryCache.swift in Sources */,
				E89A0F01A281410E894818FD /* HarnessDiscoveryService.swift in Sources */,
				DF10DC0108734C12BADBE2C9 /* MCPDiscoveryService.swift in Sources */,
				25353583EF99416487130FDE /* PackageManagerService.swift in Sources */,
				8DE237E2CA99416D810BB811 /* PathEnvironmentService.swift in Sources */,
				924AD5E8BAF24FCEAEF4FE20 /* ProcessMonitorService.swift in Sources */,
				6D8B8D1145844EECA6D0D1FB /* ProjectScannerService.swift in Sources */,
				0CC50C8A82934E89A8EC5CEF /* ProviderDetectionService.swift in Sources */,
				27305F8EAD484058BF682D7C /* SettingsStore.swift in Sources */,
				3415539DFF924DAFB819B1D6 /* SkillsDiscoveryService.swift in Sources */,
				915E0660539E4F79902509EB /* TerminalLauncher.swift in Sources */,
				E161B831A14542F7A723B67F /* UpdateCheckService.swift in Sources */,
				45F8D3048A804BE0B7964D99 /* HarnessDetailView.swift in Sources */,
				9691A23F03F14E3C88FB5182 /* HarnessesListView.swift in Sources */,
				E0CD5A9E491B4A9A81C5FB17 /* OnboardingView.swift in Sources */,
				D372CB77F5844010B74054C5 /* ProcessesView.swift in Sources */,
				A7193A24A06D4B9B85D5ABE3 /* ProvidersView.swift in Sources */,
				10A9D33C179E48EE89CEAE50 /* SettingsView.swift in Sources */,
				65383E50CD3F4E88ABC86FF2 /* RootView.swift in Sources */,
 BBBBBBBB1111111111111111 /* HarnessLogoView.swift in Sources */,
 AAAAAAAA1111111111111111 /* HarnessNewsView.swift in Sources */,
				B76A8562E0A7412598E99344 /* Sheets.swift in Sources */,
				F112A828370D4DC1B0AF5382 /* SidebarView.swift in Sources */,
			);
			runOnlyForDeploymentPostprocessing = 0;
		};
/* End PBXSourcesBuildPhase section */

/* Begin XCBuildConfiguration section */
		0A9B58B26E32468989B969E7 /* Debug */ = {
			isa = XCBuildConfiguration;
			buildSettings = {
				ALWAYS_SEARCH_USER_PATHS = NO;
				CLANG_ENABLE_MODULES = YES;
				CLANG_ENABLE_OBJC_ARC = YES;
				COPY_PHASE_STRIP = NO;
				DEBUG_INFORMATION_FORMAT = dwarf;
				ENABLE_TESTABILITY = YES;
				GCC_DYNAMIC_NO_PIC = NO;
				MACOSX_DEPLOYMENT_TARGET = 14.0;
				ONLY_ACTIVE_ARCH = YES;
				SDKROOT = macosx;
				SWIFT_ACTIVE_COMPILATION_CONDITIONS = "DEBUG $(inherited)";
				SWIFT_OPTIMIZATION_LEVEL = "-Onone";
			};
			name = Debug;
		};
		9441C90806D3418EB6E47781 /* Release */ = {
			isa = XCBuildConfiguration;
			buildSettings = {
				ALWAYS_SEARCH_USER_PATHS = NO;
				CLANG_ENABLE_MODULES = YES;
				CLANG_ENABLE_OBJC_ARC = YES;
				COPY_PHASE_STRIP = NO;
				DEBUG_INFORMATION_FORMAT = "dwarf-with-dsym";
				MACOSX_DEPLOYMENT_TARGET = 14.0;
				SDKROOT = macosx;
				SWIFT_COMPILATION_MODE = wholemodule;
			};
			name = Release;
		};
		54194370FB024E9593ACCA53 /* Debug */ = {
			isa = XCBuildConfiguration;
			buildSettings = {
				ASSETCATALOG_COMPILER_APPICON_NAME = AppIcon;
				CODE_SIGN_ENTITLEMENTS = HarnessManager/Resources/HarnessManager.entitlements;
				CODE_SIGN_IDENTITY = "-";
				CODE_SIGN_STYLE = Automatic;
				COMBINE_HIDPI_IMAGES = YES;
				CURRENT_PROJECT_VERSION = 1;
				ENABLE_HARDENED_RUNTIME = YES;
				GENERATE_INFOPLIST_FILE = NO;
				INFOPLIST_FILE = HarnessManager/Resources/Info.plist;
				LD_RUNPATH_SEARCH_PATHS = (
					"$(inherited)",
					"@executable_path/../Frameworks",
				);
				MACOSX_DEPLOYMENT_TARGET = 14.0;
				MARKETING_VERSION = 0.1.0;
				PRODUCT_BUNDLE_IDENTIFIER = com.harnessmanager.app;
				PRODUCT_NAME = "Harness Manager";
				SWIFT_EMIT_LOC_STRINGS = YES;
				SWIFT_VERSION = 5.0;
			};
			name = Debug;
		};
		47B8E26BA0F345C2953EB67C /* Release */ = {
			isa = XCBuildConfiguration;
			buildSettings = {
				ASSETCATALOG_COMPILER_APPICON_NAME = AppIcon;
				CODE_SIGN_ENTITLEMENTS = HarnessManager/Resources/HarnessManager.entitlements;
				CODE_SIGN_IDENTITY = "-";
				CODE_SIGN_STYLE = Automatic;
				COMBINE_HIDPI_IMAGES = YES;
				CURRENT_PROJECT_VERSION = 1;
				ENABLE_HARDENED_RUNTIME = YES;
				GENERATE_INFOPLIST_FILE = NO;
				INFOPLIST_FILE = HarnessManager/Resources/Info.plist;
				LD_RUNPATH_SEARCH_PATHS = (
					"$(inherited)",
					"@executable_path/../Frameworks",
				);
				MACOSX_DEPLOYMENT_TARGET = 14.0;
				MARKETING_VERSION = 0.1.0;
				PRODUCT_BUNDLE_IDENTIFIER = com.harnessmanager.app;
				PRODUCT_NAME = "Harness Manager";
				SWIFT_EMIT_LOC_STRINGS = YES;
				SWIFT_VERSION = 5.0;
			};
			name = Release;
		};
/* End XCBuildConfiguration section */

/* Begin XCConfigurationList section */
		F22F6763568F456FA84B7ED4 /* Build configuration list for PBXProject "HarnessManager" */ = {
			isa = XCConfigurationList;
			buildConfigurations = (
				0A9B58B26E32468989B969E7 /* Debug */,
				9441C90806D3418EB6E47781 /* Release */,
			);
			defaultConfigurationIsVisible = 0;
			defaultConfigurationName = Release;
		};
		128338EA2F764F648786A4FC /* Build configuration list for PBXNativeTarget "HarnessManager" */ = {
			isa = XCConfigurationList;
			buildConfigurations = (
				54194370FB024E9593ACCA53 /* Debug */,
				47B8E26BA0F345C2953EB67C /* Release */,
			);
			defaultConfigurationIsVisible = 0;
			defaultConfigurationName = Release;
		};
/* End XCConfigurationList section */

	};
	rootObject = FD664814408F43FFB56BA670 /* Project object */;
}
